
Microsoft Visual Studio Solution File, Format Version 12.00
# Visual Studio Version 17
VisualStudioVersion = 17.4.33213.308
MinimumVisualStudioVersion = 10.0.40219.1
Project("{FAE04EC0-301F-11D3-BF4B-00C04F79EFBC}") = "Binary2Decimal", "Binary2Decimal\Binary2Decimal.csproj", "{0949253B-DF22-48BB-A6BA-535392386AA0}"
EndProject
Global
	GlobalSection(SolutionConfigurationPlatforms) = preSolution
		Debug|Any CPU = Debug|Any CPU
		Release|Any CPU = Release|Any CPU
	EndGlobalSection
	GlobalSection(ProjectConfigurationPlatforms) = postSolution
		{0949253B-DF22-48BB-A6BA-535392386AA0}.Debug|Any CPU.ActiveCfg = Debug|Any CPU
		{0949253B-DF22-48BB-A6BA-535392386AA0}.Debug|Any CPU.Build.0 = Debug|Any CPU
		{0949253B-DF22-48BB-A6BA-535392386AA0}.Release|Any CPU.ActiveCfg = Release|Any CPU
		{0949253B-DF22-48BB-A6BA-535392386AA0}.Release|Any CPU.Build.0 = Release|Any CPU
	EndGlobalSection
	GlobalSection(SolutionProperties) = preSolution
		HideSolutionNode = FALSE
	EndGlobalSection
	GlobalSection(ExtensibilityGlobals) = postSolution
		SolutionGuid = {A075789A-48E7-4839-BCC2-DFF2CCBA5DB5}
	EndGlobalSection
EndGlobal
