
Microsoft Visual Studio Solution File, Format Version 12.00
# Visual Studio Version 17
VisualStudioVersion = 17.4.33213.308
MinimumVisualStudioVersion = 10.0.40219.1
Project("{FAE04EC0-301F-11D3-BF4B-00C04F79EFBC}") = "CalculatorApp", "CalculatorApp\CalculatorApp.csproj", "{6F178C5E-F202-4BE6-B448-343DA4B98465}"
EndProject
Global
	GlobalSection(SolutionConfigurationPlatforms) = preSolution
		Debug|Any CPU = Debug|Any CPU
		Release|Any CPU = Release|Any CPU
	EndGlobalSection
	GlobalSection(ProjectConfigurationPlatforms) = postSolution
		{6F178C5E-F202-4BE6-B448-343DA4B98465}.Debug|Any CPU.ActiveCfg = Debug|Any CPU
		{6F178C5E-F202-4BE6-B448-343DA4B98465}.Debug|Any CPU.Build.0 = Debug|Any CPU
		{6F178C5E-F202-4BE6-B448-343DA4B98465}.Release|Any CPU.ActiveCfg = Release|Any CPU
		{6F178C5E-F202-4BE6-B448-343DA4B98465}.Release|Any CPU.Build.0 = Release|Any CPU
	EndGlobalSection
	GlobalSection(SolutionProperties) = preSolution
		HideSolutionNode = FALSE
	EndGlobalSection
	GlobalSection(ExtensibilityGlobals) = postSolution
		SolutionGuid = {6B2B9B4F-4B04-4AFE-B39A-C4AA68CB483D}
	EndGlobalSection
EndGlobal
